
Microsoft Visual Studio Solution File, Format Version 12.00
# Visual Studio Version 17
VisualStudioVersion = 17.2.32526.322
MinimumVisualStudioVersion = 10.0.40219.1
Project("{FAE04EC0-301F-11D3-BF4B-00C04F79EFBC}") = "Draughts", "Draughts\Draughts.csproj", "{21923F4F-62FF-4C93-9EDF-ECB342827059}"
EndProject
Global
	GlobalSection(SolutionConfigurationPlatforms) = preSolution
		Debug|Any CPU = Debug|Any CPU
		Release|Any CPU = Release|Any CPU
	EndGlobalSection
	GlobalSection(ProjectConfigurationPlatforms) = postSolution
		{21923F4F-62FF-4C93-9EDF-ECB342827059}.Debug|Any CPU.ActiveCfg = Debug|Any CPU
		{21923F4F-62FF-4C93-9EDF-ECB342827059}.Debug|Any CPU.Build.0 = Debug|Any CPU
		{21923F4F-62FF-4C93-9EDF-ECB342827059}.Release|Any CPU.ActiveCfg = Release|Any CPU
		{21923F4F-62FF-4C93-9EDF-ECB342827059}.Release|Any CPU.Build.0 = Release|Any CPU
	EndGlobalSection
	GlobalSection(SolutionProperties) = preSolution
		HideSolutionNode = FALSE
	EndGlobalSection
	GlobalSection(ExtensibilityGlobals) = postSolution
		SolutionGuid = {CD46A994-161A-4DC3-9202-4F6F7390EC21}
	EndGlobalSection
EndGlobal
