
Microsoft Visual Studio Solution File, Format Version 12.00
# Visual Studio Version 17
VisualStudioVersion = 17.1.32328.378
MinimumVisualStudioVersion = 10.0.40219.1
Project("{8BC9CEB8-8B4A-11D0-8D11-00A0C91BC942}") = "BN", "BN\BN.vcxproj", "{210406AF-4AB5-459C-AE3D-838E90C35FC5}"
EndProject
Global
	GlobalSection(SolutionConfigurationPlatforms) = preSolution
		Debug|x64 = Debug|x64
		Debug|x86 = Debug|x86
		Release|x64 = Release|x64
		Release|x86 = Release|x86
	EndGlobalSection
	GlobalSection(ProjectConfigurationPlatforms) = postSolution
		{210406AF-4AB5-459C-AE3D-838E90C35FC5}.Debug|x64.ActiveCfg = Debug|x64
		{210406AF-4AB5-459C-AE3D-838E90C35FC5}.Debug|x64.Build.0 = Debug|x64
		{210406AF-4AB5-459C-AE3D-838E90C35FC5}.Debug|x86.ActiveCfg = Debug|Win32
		{210406AF-4AB5-459C-AE3D-838E90C35FC5}.Debug|x86.Build.0 = Debug|Win32
		{210406AF-4AB5-459C-AE3D-838E90C35FC5}.Release|x64.ActiveCfg = Release|x64
		{210406AF-4AB5-459C-AE3D-838E90C35FC5}.Release|x64.Build.0 = Release|x64
		{210406AF-4AB5-459C-AE3D-838E90C35FC5}.Release|x86.ActiveCfg = Release|Win32
		{210406AF-4AB5-459C-AE3D-838E90C35FC5}.Release|x86.Build.0 = Release|Win32
	EndGlobalSection
	GlobalSection(SolutionProperties) = preSolution
		HideSolutionNode = FALSE
	EndGlobalSection
	GlobalSection(ExtensibilityGlobals) = postSolution
		SolutionGuid = {C0B9AC5E-9D62-41D0-BBE8-F3A1282054A2}
	EndGlobalSection
EndGlobal
